// !$*UTF8*$!
{
	archiveVersion = 1;
	classes = {
	};
	objectVersion = 48;
	objects = {

/* Begin PBXBuildFile section */
		106CCE1320426BBC00C4022E /* AppDelegate.swift in Sources */ = {isa = PBXBuildFile; fileRef = 106CCE1220426BBC00C4022E /* AppDelegate.swift */; };
		106CCE1520426BBC00C4022E /* ViewController.swift in Sources */ = {isa = PBXBuildFile; fileRef = 106CCE1420426BBC00C4022E /* ViewController.swift */; };
		106CCE1820426BBC00C4022E /* Main.storyboard in Resources */ = {isa = PBXBuildFile; fileRef = 106CCE1620426BBC00C4022E /* Main.storyboard */; };
		106CCE1B20426BBC00C4022E /* swiftExercise.xcdatamodeld in Sources */ = {isa = PBXBuildFile; fileRef = 106CCE1920426BBC00C4022E /* swiftExercise.xcdatamodeld */; };
		106CCE1D20426BBC00C4022E /* Assets.xcassets in Resources */ = {isa = PBXBuildFile; fileRef = 106CCE1C20426BBC00C4022E /* Assets.xcassets */; };
		106CCE2020426BBC00C4022E /* LaunchScreen.storyboard in Resources */ = {isa = PBXBuildFile; fileRef = 106CCE1E20426BBC00C4022E /* LaunchScreen.storyboard */; };
/* End PBXBuildFile section */

/* Begin PBXFileReference section */
		106CCE0F20426BBC00C4022E /* swiftExercise.app */ = {isa = PBXFileReference; explicitFileType = wrapper.application; includeInIndex = 0; path = swiftExercise.app; sourceTree = BUILT_PRODUCTS_DIR; };
		106CCE1220426BBC00C4022E /* AppDelegate.swift */ = {isa = PBXFileReference; lastKnownFileType = sourcecode.swift; path = AppDelegate.swift; sourceTree = "<group>"; };
		106CCE1420426BBC00C4022E /* ViewController.swift */ = {isa = PBXFileReference; lastKnownFileType = sourcecode.swift; path = ViewController.swift; sourceTree = "<group>"; };
		106CCE1720426BBC00C4022E /* Base */ = {isa = PBXFileReference; lastKnownFileType = file.storyboard; name = Base; path = Base.lproj/Main.storyboard; sourceTree = "<group>"; };
		106CCE1A20426BBC00C4022E /* swiftExercise.xcdatamodel */ = {isa = PBXFileReference; lastKnownFileType = wrapper.xcdatamodel; path = swiftExercise.xcdatamodel; sourceTree = "<group>"; };
		106CCE1C20426BBC00C4022E /* Assets.xcassets */ = {isa = PBXFileReference; lastKnownFileType = folder.assetcatalog; path = Assets.xcassets; sourceTree = "<group>"; };
		106CCE1F20426BBC00C4022E /* Base */ = {isa = PBXFileReference; lastKnownFileType = file.storyboard; name = Base; path = Base.lproj/LaunchScreen.storyboard; sourceTree = "<group>"; };
		106CCE2120426BBC00C4022E /* Info.plist */ = {isa = PBXFileReference; lastKnownFileType = text.plist.xml; path = Info.plist; sourceTree = "<group>"; };
/* End PBXFileReference section */

/* Begin PBXFrameworksBuildPhase section */
		106CCE0C20426BBC00C4022E /* Frameworks */ = {
			isa = PBXFrameworksBuildPhase;
			buildActionMask = 2147483647;
			files = (
			);
			runOnlyForDeploymentPostprocessing = 0;
		};
/* End PBXFrameworksBuildPhase section */

/* Begin PBXGroup section */
		106CCE0620426BBC00C4022E = {
			isa = PBXGroup;
			children = (
				106CCE1120426BBC00C4022E /* swiftExercise */,
				106CCE1020426BBC00C4022E /* Products */,
			);
			sourceTree = "<group>";
		};
		106CCE1020426BBC00C4022E /* Products */ = {
			isa = PBXGroup;
			children = (
				106CCE0F20426BBC00C4022E /* swiftExercise.app */,
			);
			name = Products;
			sourceTree = "<group>";
		};
		106CCE1120426BBC00C4022E /* swiftExercise */ = {
			isa = PBXGroup;
			children = (
				106CCE1220426BBC00C4022E /* AppDelegate.swift */,
				106CCE1420426BBC00C4022E /* ViewController.swift */,
				106CCE1620426BBC00C4022E /* Main.storyboard */,
				106CCE1C20426BBC00C4022E /* Assets.xcassets */,
				106CCE1E20426BBC00C4022E /* LaunchScreen.storyboard */,
				106CCE2120426BBC00C4022E /* Info.plist */,
				106CCE1920426BBC00C4022E /* swiftExercise.xcdatamodeld */,
			);
			path = swiftExercise;
			sourceTree = "<group>";
		};
/* End PBXGroup section */

/* Begin PBXNativeTarget section */
		106CCE0E20426BBC00C4022E /* swiftExercise */ = {
			isa = PBXNativeTarget;
			buildConfigurationList = 106CCE2420426BBC00C4022E /* Build configuration list for PBXNativeTarget "swiftExercise" */;
			buildPhases = (
				106CCE0B20426BBC00C4022E /* Sources */,
				106CCE0C20426BBC00C4022E /* Frameworks */,
				106CCE0D20426BBC00C4022E /* Resources */,
			);
			buildRules = (
			);
			dependencies = (
			);
			name = swiftExercise;
			productName = swiftExercise;
			productReference = 106CCE0F20426BBC00C4022E /* swiftExercise.app */;
			productType = "com.apple.product-type.application";
		};
/* End PBXNativeTarget section */

/* Begin PBXProject section */
		106CCE0720426BBC00C4022E /* Project object */ = {
			isa = PBXProject;
			attributes = {
				LastSwiftUpdateCheck = 0920;
				LastUpgradeCheck = 0920;
				ORGANIZATIONNAME = Gigigun;
				TargetAttributes = {
					106CCE0E20426BBC00C4022E = {
						CreatedOnToolsVersion = 9.2;
						ProvisioningStyle = Automatic;
					};
				};
			};
			buildConfigurationList = 106CCE0A20426BBC00C4022E /* Build configuration list for PBXProject "swiftExercise" */;
			compatibilityVersion = "Xcode 8.0";
			developmentRegion = en;
			hasScannedForEncodings = 0;
			knownRegions = (
				en,
				Base,
			);
			mainGroup = 106CCE0620426BBC00C4022E;
			productRefGroup = 106CCE1020426BBC00C4022E /* Products */;
			projectDirPath = "";
			projectRoot = "";
			targets = (
				106CCE0E20426BBC00C4022E /* swiftExercise */,
			);
		};
/* End PBXProject section */

/* Begin PBXResourcesBuildPhase section */
		106CCE0D20426BBC00C4022E /* Resources */ = {
			isa = PBXResourcesBuildPhase;
			buildActionMask = 2147483647;
			files = (
				106CCE2020426BBC00C4022E /* LaunchScreen.storyboard in Resources */,
				106CCE1D20426BBC00C4022E /* Assets.xcassets in Resources */,
				106CCE1820426BBC00C4022E /* Main.storyboard in Resources */,
			);
			runOnlyForDeploymentPostprocessing = 0;
		};
/* End PBXResourcesBuildPhase section */

/* Begin PBXSourcesBuildPhase section */
		106CCE0B20426BBC00C4022E /* Sources */ = {
			isa = PBXSourcesBuildPhase;
			buildActionMask = 2147483647;
			files = (
				106CCE1520426BBC00C4022E /* ViewController.swift in Sources */,
				106CCE1B20426BBC00C4022E /* swiftExercise.xcdatamodeld in Sources */,
				106CCE1320426BBC00C4022E /* AppDelegate.swift in Sources */,
			);
			runOnlyForDeploymentPostprocessing = 0;
		};
/* End PBXSourcesBuildPhase section */

/* Begin PBXVariantGroup section */
		106CCE1620426BBC00C4022E /* Main.storyboard */ = {
			isa = PBXVariantGroup;
			children = (
				106CCE1720426BBC00C4022E /* Base */,
			);
			name = Main.storyboard;
			sourceTree = "<group>";
		};
		106CCE1E20426BBC00C4022E /* LaunchScreen.storyboard */ = {
			isa = PBXVariantGroup;
			children = (
				106CCE1F20426BBC00C4022E /* Base */,
			);
			name = LaunchScreen.storyboard;
			sourceTree = "<group>";
		};
/* End PBXVariantGroup section */

/* Begin XCBuildConfiguration section */
		106CCE2220426BBC00C4022E /* Debug */ = {
			isa = XCBuildConfiguration;
			buildSettings = {
				ALWAYS_SEARCH_USER_PATHS = NO;
				CLANG_ANALYZER_NONNULL = YES;
				CLANG_ANALYZER_NUMBER_OBJECT_CONVERSION = YES_AGGRESSIVE;
				CLANG_CXX_LANGUAGE_STANDARD = "gnu++14";
				CLANG_CXX_LIBRARY = "libc++";
				CLANG_ENABLE_MODULES = YES;
				CLANG_ENABLE_OBJC_ARC = YES;
				CLANG_WARN_BLOCK_CAPTURE_AUTORELEASING = YES;
				CLANG_WARN_BOOL_CONVERSION = YES;
				CLANG_WARN_COMMA = YES;
				CLANG_WARN_CONSTANT_CONVERSION = YES;
				CLANG_WARN_DIRECT_OBJC_ISA_USAGE = YES_ERROR;
				CLANG_WARN_DOCUMENTATION_COMMENTS = YES;
				CLANG_WARN_EMPTY_BODY = YES;
				CLANG_WARN_ENUM_CONVERSION = YES;
				CLANG_WARN_INFINITE_RECURSION = YES;
				CLANG_WARN_INT_CONVERSION = YES;
				CLANG_WARN_NON_LITERAL_NULL_CONVERSION = YES;
				CLANG_WARN_OBJC_LITERAL_CONVERSION = YES;
				CLANG_WARN_OBJC_ROOT_CLASS = YES_ERROR;
				CLANG_WARN_RANGE_LOOP_ANALYSIS = YES;
				CLANG_WARN_STRICT_PROTOTYPES = YES;
				CLANG_WARN_SUSPICIOUS_MOVE = YES;
				CLANG_WARN_UNGUARDED_AVAILABILITY = YES_AGGRESSIVE;
				CLANG_WARN_UNREACHABLE_CODE = YES;
				CLANG_WARN__DUPLICATE_METHOD_MATCH = YES;
				CODE_SIGN_IDENTITY = "iPhone Developer";
				COPY_PHASE_STRIP = NO;
				DEBUG_INFORMATION_FORMAT = dwarf;
				ENABLE_STRICT_OBJC_MSGSEND = YES;
				ENABLE_TESTABILITY = YES;
				GCC_C_LANGUAGE_STANDARD = gnu11;
				GCC_DYNAMIC_NO_PIC = NO;
				GCC_NO_COMMON_BLOCKS = YES;
				GCC_OPTIMIZATION_LEVEL = 0;
				GCC_PREPROCESSOR_DEFINITIONS = (
					"DEBUG=1",
					"$(inherited)",
				);
				GCC_WARN_64_TO_32_BIT_CONVERSION = YES;
				GCC_WARN_ABOUT_RETURN_TYPE = YES_ERROR;
				GCC_WARN_UNDECLARED_SELECTOR = YES;
				GCC_WARN_UNINITIALIZED_AUTOS = YES_AGGRESSIVE;
				GCC_WARN_UNUSED_FUNCTION = YES;
				GCC_WARN_UNUSED_VARIABLE = YES;
				IPHONEOS_DEPLOYMENT_TARGET = 11.2;
				MTL_ENABLE_DEBUG_INFO = YES;
				ONLY_ACTIVE_ARCH = YES;
				SDKROOT = iphoneos;
				SWIFT_ACTIVE_COMPILATION_CONDITIONS = DEBUG;
				SWIFT_OPTIMIZATION_LEVEL = "-Onone";
			};
			name = Debug;
		};
		106CCE2320426BBC00C4022E /* Release */ = {
			isa = XCBuildConfiguration;
			buildSettings = {
				ALWAYS_SEARCH_USER_PATHS = NO;
				CLANG_ANALYZER_NONNULL = YES;
				CLANG_ANALYZER_NUMBER_OBJECT_CONVERSION = YES_AGGRESSIVE;
				CLANG_CXX_LANGUAGE_STANDARD = "gnu++14";
				CLANG_CXX_LIBRARY = "libc++";
				CLANG_ENABLE_MODULES = YES;
				CLANG_ENABLE_OBJC_ARC = YES;
				CLANG_WARN_BLOCK_CAPTURE_AUTORELEASING = YES;
				CLANG_WARN_BOOL_CONVERSION = YES;
				CLANG_WARN_COMMA = YES;
				CLANG_WARN_CONSTANT_CONVERSION = YES;
				CLANG_WARN_DIRECT_OBJC_ISA_USAGE = YES_ERROR;
				CLANG_WARN_DOCUMENTATION_COMMENTS = YES;
				CLANG_WARN_EMPTY_BODY = YES;
				CLANG_WARN_ENUM_CONVERSION = YES;
				CLANG_WARN_INFINITE_RECURSION = YES;
				CLANG_WARN_INT_CONVERSION = YES;
				CLANG_WARN_NON_LITERAL_NULL_CONVERSION = YES;
				CLANG_WARN_OBJC_LITERAL_CONVERSION = YES;
				CLANG_WARN_OBJC_ROOT_CLASS = YES_ERROR;
				CLANG_WARN_RANGE_LOOP_ANALYSIS = YES;
				CLANG_WARN_STRICT_PROTOTYPES = YES;
				CLANG_WARN_SUSPICIOUS_MOVE = YES;
				CLANG_WARN_UNGUARDED_AVAILABILITY = YES_AGGRESSIVE;
				CLANG_WARN_UNREACHABLE_CODE = YES;
				CLANG_WARN__DUPLICATE_METHOD_MATCH = YES;
				CODE_SIGN_IDENTITY = "iPhone Developer";
				COPY_PHASE_STRIP = NO;
				DEBUG_INFORMATION_FORMAT = "dwarf-with-dsym";
				ENABLE_NS_ASSERTIONS = NO;
				ENABLE_STRICT_OBJC_MSGSEND = YES;
				GCC_C_LANGUAGE_STANDARD = gnu11;
				GCC_NO_COMMON_BLOCKS = YES;
				GCC_WARN_64_TO_32_BIT_CONVERSION = YES;
				GCC_WARN_ABOUT_RETURN_TYPE = YES_ERROR;
				GCC_WARN_UNDECLARED_SELECTOR = YES;
				GCC_WARN_UNINITIALIZED_AUTOS = YES_AGGRESSIVE;
				GCC_WARN_UNUSED_FUNCTION = YES;
				GCC_WARN_UNUSED_VARIABLE = YES;
				IPHONEOS_DEPLOYMENT_TARGET = 11.2;
				MTL_ENABLE_DEBUG_INFO = NO;
				SDKROOT = iphoneos;
				SWIFT_OPTIMIZATION_LEVEL = "-Owholemodule";
				VALIDATE_PRODUCT = YES;
			};
			name = Release;
		};
		106CCE2520426BBC00C4022E /* Debug */ = {
			isa = XCBuildConfiguration;
			buildSettings = {
				ASSETCATALOG_COMPILER_APPICON_NAME = AppIcon;
				CODE_SIGN_STYLE = Automatic;
				INFOPLIST_FILE = swiftExercise/Info.plist;
				LD_RUNPATH_SEARCH_PATHS = "$(inherited) @executable_path/Frameworks";
				PRODUCT_BUNDLE_IDENTIFIER = Gigigun.swiftExercise;
				PRODUCT_NAME = "$(TARGET_NAME)";
				SWIFT_VERSION = 4.0;
				TARGETED_DEVICE_FAMILY = "1,2";
			};
			name = Debug;
		};
		106CCE2620426BBC00C4022E /* Release */ = {
			isa = XCBuildConfiguration;
			buildSettings = {
				ASSETCATALOG_COMPILER_APPICON_NAME = AppIcon;
				CODE_SIGN_STYLE = Automatic;
				INFOPLIST_FILE = swiftExercise/Info.plist;
				LD_RUNPATH_SEARCH_PATHS = "$(inherited) @executable_path/Frameworks";
				PRODUCT_BUNDLE_IDENTIFIER = Gigigun.swiftExercise;
				PRODUCT_NAME = "$(TARGET_NAME)";
				SWIFT_VERSION = 4.0;
				TARGETED_DEVICE_FAMILY = "1,2";
			};
			name = Release;
		};
/* End XCBuildConfiguration section */

/* Begin XCConfigurationList section */
		106CCE0A20426BBC00C4022E /* Build configuration list for PBXProject "swiftExercise" */ = {
			isa = XCConfigurationList;
			buildConfigurations = (
				106CCE2220426BBC00C4022E /* Debug */,
				106CCE2320426BBC00C4022E /* Release */,
			);
			defaultConfigurationIsVisible = 0;
			defaultConfigurationName = Release;
		};
		106CCE2420426BBC00C4022E /* Build configuration list for PBXNativeTarget "swiftExercise" */ = {
			isa = XCConfigurationList;
			buildConfigurations = (
				106CCE2520426BBC00C4022E /* Debug */,
				106CCE2620426BBC00C4022E /* Release */,
			);
			defaultConfigurationIsVisible = 0;
			defaultConfigurationName = Release;
		};
/* End XCConfigurationList section */

/* Begin XCVersionGroup section */
		106CCE1920426BBC00C4022E /* swiftExercise.xcdatamodeld */ = {
			isa = XCVersionGroup;
			children = (
				106CCE1A20426BBC00C4022E /* swiftExercise.xcdatamodel */,
			);
			currentVersion = 106CCE1A20426BBC00C4022E /* swiftExercise.xcdatamodel */;
			path = swiftExercise.xcdatamodeld;
			sourceTree = "<group>";
			versionGroupType = wrapper.xcdatamodel;
		};
/* End XCVersionGroup section */
	};
	rootObject = 106CCE0720426BBC00C4022E /* Project object */;
}
